{
  "name": "@hoangcung1804npm/voluptatum-exercitationem-eaque",
  "version": "1.0.0",
  "lockfileVersion": 3,
  "requires": true,
  "packages": {
    "": {
      "name": "@hoangcung1804npm/voluptatum-exercitationem-eaque",
      "version": "1.0.0",
      "license": "MIT",
      "dependencies": {
        "@hoangcung1804npm/a-aut-officia": "^1.0.0",
        "@hoangcung1804npm/accusantium-doloremque-inventore": "^1.0.0",
        "@hoangcung1804npm/aspernatur-autem-aliquid": "^1.0.0",
        "@hoangcung1804npm/delectus-exercitationem-accusantium": "^1.0.0",
        "@hoangcung1804npm/dicta-quam-odit": "^1.0.0",
        "@hoangcung1804npm/doloremque-optio-voluptatibus": "^1.0.0",
        "@hoangcung1804npm/dolores-ipsam-in": "^1.0.0",
        "@hoangcung1804npm/eaque-repudiandae-cupiditate": "^1.0.0",
        "@hoangcung1804npm/enim-voluptas-ipsa": "^1.0.0",
        "@hoangcung1804npm/facilis-animi-quisquam": "^1.0.0",
        "@hoangcung1804npm/fuga-deserunt-voluptatibus": "^1.0.0",
        "@hoangcung1804npm/harum-quidem-eaque": "^1.0.0",
        "@hoangcung1804npm/illo-necessitatibus-porro": "^1.0.0",
        "@hoangcung1804npm/in-natus-quis": "^1.0.0",
        "@hoangcung1804npm/itaque-voluptate-repellat": "^1.0.0",
        "@hoangcung1804npm/molestias-praesentium-blanditiis": "^1.0.0",
        "@hoangcung1804npm/non-odio-quo": "^1.0.0",
        "@hoangcung1804npm/perferendis-itaque-alias": "^1.0.0",
        "@hoangcung1804npm/possimus-mollitia-qui": "^1.0.0",
        "@hoangcung1804npm/qui-nesciunt-nulla": "^1.0.0",
        "@hoangcung1804npm/ratione-quidem-fugiat": "^1.0.0",
        "@hoangcung1804npm/sunt-cum-corporis": "^1.0.0",
        "@hoangcung1804npm/temporibus-ipsam-debitis": "^1.0.0",
        "@hoangcung1804npm/ut-alias-perferendis": "^1.0.0",
        "@hoangcung1804npm/ut-nam-tempore": "^1.0.0",
        "@omegion1npm/facere-ullam-excepturi-facilis": "^1.0.0"
      }
    },
    "node_modules/@hoangcung1804npm/a-aut-officia": {
      "version": "1.0.0",
      "resolved": "https://registry.npmjs.org/@hoangcung1804npm/a-aut-officia/-/a-aut-officia-1.0.0.tgz",
      "integrity": "sha512-OplmFtq3eSHy65XzkyeW4eSKwfCGBnrIL4BYinxaT+GSDLlnGjW8EHhu6/jv88a/KOovnPb9dc7elrT/CE4qUg==",
      "dependencies": {
        "@hoangcung1804npm/delectus-exercitationem-accusantium": "^1.0.0",
        "@hoangcung1804npm/doloremque-optio-voluptatibus": "^1.0.0",
        "@hoangcung1804npm/enim-voluptas-ipsa": "^1.0.0",
        "@hoangcung1804npm/facilis-animi-quisquam": "^1.0.0",
        "@hoangcung1804npm/harum-quidem-eaque": "^1.0.0",
        "@hoangcung1804npm/illo-necessitatibus-porro": "^1.0.0",
        "@hoangcung1804npm/in-natus-quis": "^1.0.0",
        "@hoangcung1804npm/possimus-mollitia-qui": "^1.0.0",
        "@hoangcung1804npm/sunt-cum-corporis": "^1.0.0",
        "@hoangcung1804npm/temporibus-ipsam-debitis": "^1.0.0",
        "@omegion1npm/facere-ullam-excepturi-facilis": "^1.0.0"
      }
    },
    "node_modules/@hoangcung1804npm/accusantium-doloremque-inventore": {
      "version": "1.0.0",
      "resolved": "https://registry.npmjs.org/@hoangcung1804npm/accusantium-doloremque-inventore/-/accusantium-doloremque-inventore-1.0.0.tgz",
      "integrity": "sha512-BSNvpbRC+ponqDZgqeQODnT+Su+lr+jkZJ81OsUVmX+LrZtJnqczJIhTuK5dJDNCMglg7EaJS4b3iAeJtedqhw==",
      "dependencies": {
        "@hoangcung1804npm/a-aut-officia": "^1.0.0",
        "@hoangcung1804npm/aspernatur-autem-aliquid": "^1.0.0",
        "@hoangcung1804npm/delectus-exercitationem-accusantium": "^1.0.0",
        "@hoangcung1804npm/doloremque-optio-voluptatibus": "^1.0.0",
        "@hoangcung1804npm/dolores-ipsam-in": "^1.0.0",
        "@hoangcung1804npm/eaque-repudiandae-cupiditate": "^1.0.0",
        "@hoangcung1804npm/enim-voluptas-ipsa": "^1.0.0",
        "@hoangcung1804npm/facilis-animi-quisquam": "^1.0.0",
        "@hoangcung1804npm/fuga-deserunt-voluptatibus": "^1.0.0",
        "@hoangcung1804npm/harum-quidem-eaque": "^1.0.0",
        "@hoangcung1804npm/illo-necessitatibus-porro": "^1.0.0",
        "@hoangcung1804npm/in-natus-quis": "^1.0.0",
        "@hoangcung1804npm/itaque-voluptate-repellat": "^1.0.0",
        "@hoangcung1804npm/molestias-praesentium-blanditiis": "^1.0.0",
        "@hoangcung1804npm/non-odio-quo": "^1.0.0",
        "@hoangcung1804npm/perferendis-itaque-alias": "^1.0.0",
        "@hoangcung1804npm/possimus-mollitia-qui": "^1.0.0",
        "@hoangcung1804npm/qui-nesciunt-nulla": "^1.0.0",
        "@hoangcung1804npm/ratione-quidem-fugiat": "^1.0.0",
        "@hoangcung1804npm/sunt-cum-corporis": "^1.0.0",
        "@hoangcung1804npm/temporibus-ipsam-debitis": "^1.0.0",
        "@hoangcung1804npm/ut-alias-perferendis": "^1.0.0",
        "@hoangcung1804npm/ut-nam-tempore": "^1.0.0",
        "@omegion1npm/facere-ullam-excepturi-facilis": "^1.0.0"
      }
    },
    "node_modules/@hoangcung1804npm/aspernatur-autem-aliquid": {
      "version": "1.0.0",
      "resolved": "https://registry.npmjs.org/@hoangcung1804npm/aspernatur-autem-aliquid/-/aspernatur-autem-aliquid-1.0.0.tgz",
      "integrity": "sha512-e3gJnLtYt++WPculunxIHAEDR4Q3K7Nb0ldGX0R9FOI8QK8P0tbZ+cXNfFcrVjBlJ7TEN2DRetyV0CyM8w51Nw==",
      "dependencies": {
        "@hoangcung1804npm/a-aut-officia": "^1.0.0",
        "@hoangcung1804npm/delectus-exercitationem-accusantium": "^1.0.0",
        "@hoangcung1804npm/doloremque-optio-voluptatibus": "^1.0.0",
        "@hoangcung1804npm/enim-voluptas-ipsa": "^1.0.0",
        "@hoangcung1804npm/facilis-animi-quisquam": "^1.0.0",
        "@hoangcung1804npm/harum-quidem-eaque": "^1.0.0",
        "@hoangcung1804npm/illo-necessitatibus-porro": "^1.0.0",
        "@hoangcung1804npm/in-natus-quis": "^1.0.0",
        "@hoangcung1804npm/possimus-mollitia-qui": "^1.0.0",
        "@hoangcung1804npm/sunt-cum-corporis": "^1.0.0",
        "@hoangcung1804npm/temporibus-ipsam-debitis": "^1.0.0",
        "@omegion1npm/facere-ullam-excepturi-facilis": "^1.0.0"
      }
    },
    "node_modules/@hoangcung1804npm/delectus-exercitationem-accusantium": {
      "version": "1.0.0",
      "resolved": "https://registry.npmjs.org/@hoangcung1804npm/delectus-exercitationem-accusantium/-/delectus-exercitationem-accusantium-1.0.0.tgz",
      "integrity": "sha512-WQM0foLqF0gvS8PEDayynFl4KQqPxpv4t5ebvxLUicBsX52MkoD4CqC7t2SfChF9U+X5hHQwqCo6ATq+8oxgRA==",
      "dependencies": {
        "@hoangcung1804npm/doloremque-optio-voluptatibus": "^1.0.0",
        "@hoangcung1804npm/enim-voluptas-ipsa": "^1.0.0",
        "@hoangcung1804npm/facilis-animi-quisquam": "^1.0.0",
        "@hoangcung1804npm/harum-quidem-eaque": "^1.0.0",
        "@hoangcung1804npm/in-natus-quis": "^1.0.0",
        "@hoangcung1804npm/possimus-mollitia-qui": "^1.0.0",
        "@hoangcung1804npm/sunt-cum-corporis": "^1.0.0",
        "@hoangcung1804npm/temporibus-ipsam-debitis": "^1.0.0",
        "@omegion1npm/facere-ullam-excepturi-facilis": "^1.0.0"
      }
    },
    "node_modules/@hoangcung1804npm/dicta-quam-odit": {
      "version": "1.0.0",
      "resolved": "https://registry.npmjs.org/@hoangcung1804npm/dicta-quam-odit/-/dicta-quam-odit-1.0.0.tgz",
      "integrity": "sha512-NgCf4Pz/sySgaF7czIPOtz1z6xYktC3ng8qKsa6EnjMKE1Yj9ickoPNHKWlR6fYaqPmBS7lgBHpBuv+wwYsIBg==",
      "dependencies": {
        "@hoangcung1804npm/a-aut-officia": "^1.0.0",
        "@hoangcung1804npm/accusantium-doloremque-inventore": "^1.0.0",
        "@hoangcung1804npm/aspernatur-autem-aliquid": "^1.0.0",
        "@hoangcung1804npm/delectus-exercitationem-accusantium": "^1.0.0",
        "@hoangcung1804npm/doloremque-optio-voluptatibus": "^1.0.0",
        "@hoangcung1804npm/dolores-ipsam-in": "^1.0.0",
        "@hoangcung1804npm/eaque-repudiandae-cupiditate": "^1.0.0",
        "@hoangcung1804npm/enim-voluptas-ipsa": "^1.0.0",
        "@hoangcung1804npm/facilis-animi-quisquam": "^1.0.0",
        "@hoangcung1804npm/fuga-deserunt-voluptatibus": "^1.0.0",
        "@hoangcung1804npm/harum-quidem-eaque": "^1.0.0",
        "@hoangcung1804npm/illo-necessitatibus-porro": "^1.0.0",
        "@hoangcung1804npm/in-natus-quis": "^1.0.0",
        "@hoangcung1804npm/itaque-voluptate-repellat": "^1.0.0",
        "@hoangcung1804npm/molestias-praesentium-blanditiis": "^1.0.0",
        "@hoangcung1804npm/non-odio-quo": "^1.0.0",
        "@hoangcung1804npm/perferendis-itaque-alias": "^1.0.0",
        "@hoangcung1804npm/possimus-mollitia-qui": "^1.0.0",
        "@hoangcung1804npm/qui-nesciunt-nulla": "^1.0.0",
        "@hoangcung1804npm/ratione-quidem-fugiat": "^1.0.0",
        "@hoangcung1804npm/sunt-cum-corporis": "^1.0.0",
        "@hoangcung1804npm/temporibus-ipsam-debitis": "^1.0.0",
        "@hoangcung1804npm/ut-alias-perferendis": "^1.0.0",
        "@hoangcung1804npm/ut-nam-tempore": "^1.0.0",
        "@omegion1npm/facere-ullam-excepturi-facilis": "^1.0.0"
      }
    },
    "node_modules/@hoangcung1804npm/doloremque-optio-voluptatibus": {
      "version": "1.0.0",
      "resolved": "https://registry.npmjs.org/@hoangcung1804npm/doloremque-optio-voluptatibus/-/doloremque-optio-voluptatibus-1.0.0.tgz",
      "integrity": "sha512-LKz5GdWY3UT4ByDw9eaJMnGF6UmoajS5lGhL/7ivI21nK25MymRP55LGEkFcTRk1J7vmlwA8CC5RyuFWz/KGnA==",
      "dependencies": {
        "@hoangcung1804npm/enim-voluptas-ipsa": "^1.0.0",
        "@hoangcung1804npm/facilis-animi-quisquam": "^1.0.0",
        "@hoangcung1804npm/harum-quidem-eaque": "^1.0.0",
        "@hoangcung1804npm/in-natus-quis": "^1.0.0",
        "@hoangcung1804npm/possimus-mollitia-qui": "^1.0.0",
        "@hoangcung1804npm/temporibus-ipsam-debitis": "^1.0.0",
        "@omegion1npm/facere-ullam-excepturi-facilis": "^1.0.0"
      }
    },
    "node_modules/@hoangcung1804npm/dolores-ipsam-in": {
      "version": "1.0.0",
      "resolved": "https://registry.npmjs.org/@hoangcung1804npm/dolores-ipsam-in/-/dolores-ipsam-in-1.0.0.tgz",
      "integrity": "sha512-sX4ifop4i//s3Y2I+G/aZ8hA2hxNNCAx8On8omBumrLW//p4lXLfPtboxeZekTeKz/3AYy48VcIl3tbC32Tocw==",
      "dependencies": {
        "@hoangcung1804npm/a-aut-officia": "^1.0.0",
        "@hoangcung1804npm/aspernatur-autem-aliquid": "^1.0.0",
        "@hoangcung1804npm/delectus-exercitationem-accusantium": "^1.0.0",
        "@hoangcung1804npm/doloremque-optio-voluptatibus": "^1.0.0",
        "@hoangcung1804npm/enim-voluptas-ipsa": "^1.0.0",
        "@hoangcung1804npm/facilis-animi-quisquam": "^1.0.0",
        "@hoangcung1804npm/harum-quidem-eaque": "^1.0.0",
        "@hoangcung1804npm/illo-necessitatibus-porro": "^1.0.0",
        "@hoangcung1804npm/in-natus-quis": "^1.0.0",
        "@hoangcung1804npm/itaque-voluptate-repellat": "^1.0.0",
        "@hoangcung1804npm/molestias-praesentium-blanditiis": "^1.0.0",
        "@hoangcung1804npm/possimus-mollitia-qui": "^1.0.0",
        "@hoangcung1804npm/qui-nesciunt-nulla": "^1.0.0",
        "@hoangcung1804npm/ratione-quidem-fugiat": "^1.0.0",
        "@hoangcung1804npm/sunt-cum-corporis": "^1.0.0",
        "@hoangcung1804npm/temporibus-ipsam-debitis": "^1.0.0",
        "@hoangcung1804npm/ut-nam-tempore": "^1.0.0",
        "@omegion1npm/facere-ullam-excepturi-facilis": "^1.0.0"
      }
    },
    "node_modules/@hoangcung1804npm/eaque-repudiandae-cupiditate": {
      "version": "1.0.0",
      "resolved": "https://registry.npmjs.org/@hoangcung1804npm/eaque-repudiandae-cupiditate/-/eaque-repudiandae-cupiditate-1.0.0.tgz",
      "integrity": "sha512-YwhMvQB58ryt6t7W99AcnUPHEuKxX5fPmSYx/W6XKgA3tD3HnnmDn4RWGLWV18p7IBO2cg5+LSUvpm41B2SApg==",
      "dependencies": {
        "@hoangcung1804npm/a-aut-officia": "^1.0.0",
        "@hoangcung1804npm/aspernatur-autem-aliquid": "^1.0.0",
        "@hoangcung1804npm/delectus-exercitationem-accusantium": "^1.0.0",
        "@hoangcung1804npm/doloremque-optio-voluptatibus": "^1.0.0",
        "@hoangcung1804npm/dolores-ipsam-in": "^1.0.0",
        "@hoangcung1804npm/enim-voluptas-ipsa": "^1.0.0",
        "@hoangcung1804npm/facilis-animi-quisquam": "^1.0.0",
        "@hoangcung1804npm/fuga-deserunt-voluptatibus": "^1.0.0",
        "@hoangcung1804npm/harum-quidem-eaque": "^1.0.0",
        "@hoangcung1804npm/illo-necessitatibus-porro": "^1.0.0",
        "@hoangcung1804npm/in-natus-quis": "^1.0.0",
        "@hoangcung1804npm/itaque-voluptate-repellat": "^1.0.0",
        "@hoangcung1804npm/molestias-praesentium-blanditiis": "^1.0.0",
        "@hoangcung1804npm/non-odio-quo": "^1.0.0",
        "@hoangcung1804npm/perferendis-itaque-alias": "^1.0.0",
        "@hoangcung1804npm/possimus-mollitia-qui": "^1.0.0",
        "@hoangcung1804npm/qui-nesciunt-nulla": "^1.0.0",
        "@hoangcung1804npm/ratione-quidem-fugiat": "^1.0.0",
        "@hoangcung1804npm/sunt-cum-corporis": "^1.0.0",
        "@hoangcung1804npm/temporibus-ipsam-debitis": "^1.0.0",
        "@hoangcung1804npm/ut-alias-perferendis": "^1.0.0",
        "@hoangcung1804npm/ut-nam-tempore": "^1.0.0",
        "@omegion1npm/facere-ullam-excepturi-facilis": "^1.0.0"
      }
    },
    "node_modules/@hoangcung1804npm/enim-voluptas-ipsa": {
      "version": "1.0.0",
      "resolved": "https://registry.npmjs.org/@hoangcung1804npm/enim-voluptas-ipsa/-/enim-voluptas-ipsa-1.0.0.tgz",
      "integrity": "sha512-Za+dIOt7z9X2UWSRy/mWZLZlVvdirwpfY9mQe1T6yisRFU4NUa1bIppMAv5yY2Xo3M1kODsJ+2t+22r+6yoOxg==",
      "dependencies": {
        "@hoangcung1804npm/facilis-animi-quisquam": "^1.0.0",
        "@hoangcung1804npm/harum-quidem-eaque": "^1.0.0",
        "@hoangcung1804npm/in-natus-quis": "^1.0.0",
        "@hoangcung1804npm/possimus-mollitia-qui": "^1.0.0",
        "@hoangcung1804npm/temporibus-ipsam-debitis": "^1.0.0",
        "@omegion1npm/facere-ullam-excepturi-facilis": "^1.0.0"
      }
    },
    "node_modules/@hoangcung1804npm/facilis-animi-quisquam": {
      "version": "1.0.0",
      "resolved": "https://registry.npmjs.org/@hoangcung1804npm/facilis-animi-quisquam/-/facilis-animi-quisquam-1.0.0.tgz",
      "integrity": "sha512-pEn1aXb6jImCDWOj61nwRa2kVxJCxV1+cQxMcWh7bAyv2xrIm+50mdYGATn2xxdeQtE7y6HtA/EtIQh40jADyw==",
      "dependencies": {
        "@hoangcung1804npm/possimus-mollitia-qui": "^1.0.0",
        "@omegion1npm/facere-ullam-excepturi-facilis": "^1.0.0"
      }
    },
    "node_modules/@hoangcung1804npm/fuga-deserunt-voluptatibus": {
      "version": "1.0.0",
      "resolved": "https://registry.npmjs.org/@hoangcung1804npm/fuga-deserunt-voluptatibus/-/fuga-deserunt-voluptatibus-1.0.0.tgz",
      "integrity": "sha512-xEuFrRPFTnZMVHMUYflNWR+qcJ6yu7qB9BIrCRYX4V0zKYlaMxtljs7iw50sQ1IgzDIUCNt+/kleE/jHtZrLTA==",
      "dependencies": {
        "@hoangcung1804npm/a-aut-officia": "^1.0.0",
        "@hoangcung1804npm/aspernatur-autem-aliquid": "^1.0.0",
        "@hoangcung1804npm/delectus-exercitationem-accusantium": "^1.0.0",
        "@hoangcung1804npm/doloremque-optio-voluptatibus": "^1.0.0",
        "@hoangcung1804npm/dolores-ipsam-in": "^1.0.0",
        "@hoangcung1804npm/enim-voluptas-ipsa": "^1.0.0",
        "@hoangcung1804npm/facilis-animi-quisquam": "^1.0.0",
        "@hoangcung1804npm/harum-quidem-eaque": "^1.0.0",
        "@hoangcung1804npm/illo-necessitatibus-porro": "^1.0.0",
        "@hoangcung1804npm/in-natus-quis": "^1.0.0",
        "@hoangcung1804npm/itaque-voluptate-repellat": "^1.0.0",
        "@hoangcung1804npm/molestias-praesentium-blanditiis": "^1.0.0",
        "@hoangcung1804npm/possimus-mollitia-qui": "^1.0.0",
        "@hoangcung1804npm/qui-nesciunt-nulla": "^1.0.0",
        "@hoangcung1804npm/ratione-quidem-fugiat": "^1.0.0",
        "@hoangcung1804npm/sunt-cum-corporis": "^1.0.0",
        "@hoangcung1804npm/temporibus-ipsam-debitis": "^1.0.0",
        "@hoangcung1804npm/ut-nam-tempore": "^1.0.0",
        "@omegion1npm/facere-ullam-excepturi-facilis": "^1.0.0"
      }
    },
    "node_modules/@hoangcung1804npm/harum-quidem-eaque": {
      "version": "1.0.0",
      "resolved": "https://registry.npmjs.org/@hoangcung1804npm/harum-quidem-eaque/-/harum-quidem-eaque-1.0.0.tgz",
      "integrity": "sha512-8kahu0jkCuFBIczUe/wl69A2D5E6F/xwUEp/vnZ8qbIcgFWgJ+EOqL5XTUKb9xvg74+p8FbFT2Fk9j/ope5FEw==",
      "dependencies": {
        "@hoangcung1804npm/facilis-animi-quisquam": "^1.0.0",
        "@hoangcung1804npm/in-natus-quis": "^1.0.0",
        "@hoangcung1804npm/possimus-mollitia-qui": "^1.0.0",
        "@hoangcung1804npm/temporibus-ipsam-debitis": "^1.0.0",
        "@omegion1npm/facere-ullam-excepturi-facilis": "^1.0.0"
      }
    },
    "node_modules/@hoangcung1804npm/illo-necessitatibus-porro": {
      "version": "1.0.0",
      "resolved": "https://registry.npmjs.org/@hoangcung1804npm/illo-necessitatibus-porro/-/illo-necessitatibus-porro-1.0.0.tgz",
      "integrity": "sha512-OWnZrTq6cDk8WjMT/QRNdcpO4wLZnsRCsClP2/ZinDoYxoe+8vi7VMQqngNhAR+VJKo7bZKUqafv0S6zO/g9ug==",
      "dependencies": {
        "@hoangcung1804npm/delectus-exercitationem-accusantium": "^1.0.0",
        "@hoangcung1804npm/doloremque-optio-voluptatibus": "^1.0.0",
        "@hoangcung1804npm/enim-voluptas-ipsa": "^1.0.0",
        "@hoangcung1804npm/facilis-animi-quisquam": "^1.0.0",
        "@hoangcung1804npm/harum-quidem-eaque": "^1.0.0",
        "@hoangcung1804npm/in-natus-quis": "^1.0.0",
        "@hoangcung1804npm/possimus-mollitia-qui": "^1.0.0",
        "@hoangcung1804npm/sunt-cum-corporis": "^1.0.0",
        "@hoangcung1804npm/temporibus-ipsam-debitis": "^1.0.0",
        "@omegion1npm/facere-ullam-excepturi-facilis": "^1.0.0"
      }
    },
    "node_modules/@hoangcung1804npm/in-natus-quis": {
      "version": "1.0.0",
      "resolved": "https://registry.npmjs.org/@hoangcung1804npm/in-natus-quis/-/in-natus-quis-1.0.0.tgz",
      "integrity": "sha512-RdvylIk8XCFpcW5n3tSBQWS3dqkrCZCg+aWx7Vwt/Q/TLI7AoWlhunoUOu/PhgLu4eQLr75Qupy5LFdC+ZD9Sg==",
      "dependencies": {
        "@hoangcung1804npm/facilis-animi-quisquam": "^1.0.0",
        "@hoangcung1804npm/possimus-mollitia-qui": "^1.0.0",
        "@omegion1npm/facere-ullam-excepturi-facilis": "^1.0.0"
      }
    },
    "node_modules/@hoangcung1804npm/itaque-voluptate-repellat": {
      "version": "1.0.0",
      "resolved": "https://registry.npmjs.org/@hoangcung1804npm/itaque-voluptate-repellat/-/itaque-voluptate-repellat-1.0.0.tgz",
      "integrity": "sha512-hzb55XufUUEWz/1I2MrCWojEs57kYlXm0tvel9o2QKg1M4lYP9kcBAjhU4nqR+amNeDRIWYjiPojm/vY/yEx+w==",
      "dependencies": {
        "@hoangcung1804npm/a-aut-officia": "^1.0.0",
        "@hoangcung1804npm/aspernatur-autem-aliquid": "^1.0.0",
        "@hoangcung1804npm/delectus-exercitationem-accusantium": "^1.0.0",
        "@hoangcung1804npm/doloremque-optio-voluptatibus": "^1.0.0",
        "@hoangcung1804npm/enim-voluptas-ipsa": "^1.0.0",
        "@hoangcung1804npm/facilis-animi-quisquam": "^1.0.0",
        "@hoangcung1804npm/harum-quidem-eaque": "^1.0.0",
        "@hoangcung1804npm/illo-necessitatibus-porro": "^1.0.0",
        "@hoangcung1804npm/in-natus-quis": "^1.0.0",
        "@hoangcung1804npm/molestias-praesentium-blanditiis": "^1.0.0",
        "@hoangcung1804npm/possimus-mollitia-qui": "^1.0.0",
        "@hoangcung1804npm/qui-nesciunt-nulla": "^1.0.0",
        "@hoangcung1804npm/ratione-quidem-fugiat": "^1.0.0",
        "@hoangcung1804npm/sunt-cum-corporis": "^1.0.0",
        "@hoangcung1804npm/temporibus-ipsam-debitis": "^1.0.0",
        "@omegion1npm/facere-ullam-excepturi-facilis": "^1.0.0"
      }
    },
    "node_modules/@hoangcung1804npm/molestias-praesentium-blanditiis": {
      "version": "1.0.0",
      "resolved": "https://registry.npmjs.org/@hoangcung1804npm/molestias-praesentium-blanditiis/-/molestias-praesentium-blanditiis-1.0.0.tgz",
      "integrity": "sha512-Iaw07RtqupftEc3jcIfzaDOLN+VLSj/C8IkmZsj4QiidrM/Nc8zXkMZ5qi/p4KpdKXJZIRowlZ35wjfjmyD+QQ==",
      "dependencies": {
        "@hoangcung1804npm/a-aut-officia": "^1.0.0",
        "@hoangcung1804npm/aspernatur-autem-aliquid": "^1.0.0",
        "@hoangcung1804npm/delectus-exercitationem-accusantium": "^1.0.0",
        "@hoangcung1804npm/doloremque-optio-voluptatibus": "^1.0.0",
        "@hoangcung1804npm/enim-voluptas-ipsa": "^1.0.0",
        "@hoangcung1804npm/facilis-animi-quisquam": "^1.0.0",
        "@hoangcung1804npm/harum-quidem-eaque": "^1.0.0",
        "@hoangcung1804npm/illo-necessitatibus-porro": "^1.0.0",
        "@hoangcung1804npm/in-natus-quis": "^1.0.0",
        "@hoangcung1804npm/possimus-mollitia-qui": "^1.0.0",
        "@hoangcung1804npm/sunt-cum-corporis": "^1.0.0",
        "@hoangcung1804npm/temporibus-ipsam-debitis": "^1.0.0",
        "@omegion1npm/facere-ullam-excepturi-facilis": "^1.0.0"
      }
    },
    "node_modules/@hoangcung1804npm/non-odio-quo": {
      "version": "1.0.0",
      "resolved": "https://registry.npmjs.org/@hoangcung1804npm/non-odio-quo/-/non-odio-quo-1.0.0.tgz",
      "integrity": "sha512-xKNhll3WYi+VStKaajbZBMmmYnBS7y8l3H9NcnZ57mfjkv9aa4SUuWsikmPIePiBNoEN+b3Q20wsMfs3ECOuZQ==",
      "dependencies": {
        "@hoangcung1804npm/a-aut-officia": "^1.0.0",
        "@hoangcung1804npm/aspernatur-autem-aliquid": "^1.0.0",
        "@hoangcung1804npm/delectus-exercitationem-accusantium": "^1.0.0",
        "@hoangcung1804npm/doloremque-optio-voluptatibus": "^1.0.0",
        "@hoangcung1804npm/dolores-ipsam-in": "^1.0.0",
        "@hoangcung1804npm/enim-voluptas-ipsa": "^1.0.0",
        "@hoangcung1804npm/facilis-animi-quisquam": "^1.0.0",
        "@hoangcung1804npm/fuga-deserunt-voluptatibus": "^1.0.0",
        "@hoangcung1804npm/harum-quidem-eaque": "^1.0.0",
        "@hoangcung1804npm/illo-necessitatibus-porro": "^1.0.0",
        "@hoangcung1804npm/in-natus-quis": "^1.0.0",
        "@hoangcung1804npm/itaque-voluptate-repellat": "^1.0.0",
        "@hoangcung1804npm/molestias-praesentium-blanditiis": "^1.0.0",
        "@hoangcung1804npm/perferendis-itaque-alias": "^1.0.0",
        "@hoangcung1804npm/possimus-mollitia-qui": "^1.0.0",
        "@hoangcung1804npm/qui-nesciunt-nulla": "^1.0.0",
        "@hoangcung1804npm/ratione-quidem-fugiat": "^1.0.0",
        "@hoangcung1804npm/sunt-cum-corporis": "^1.0.0",
        "@hoangcung1804npm/temporibus-ipsam-debitis": "^1.0.0",
        "@hoangcung1804npm/ut-alias-perferendis": "^1.0.0",
        "@hoangcung1804npm/ut-nam-tempore": "^1.0.0",
        "@omegion1npm/facere-ullam-excepturi-facilis": "^1.0.0"
      }
    },
    "node_modules/@hoangcung1804npm/perferendis-itaque-alias": {
      "version": "1.0.0",
      "resolved": "https://registry.npmjs.org/@hoangcung1804npm/perferendis-itaque-alias/-/perferendis-itaque-alias-1.0.0.tgz",
      "integrity": "sha512-w43ctm/iTzhG2+NLoRD0YwDtwRigUm2zKhe4MndAJSkXtqPur/U+SbjNl04LAKXVkdxVV8cPippP34wC7n3RVQ==",
      "dependencies": {
        "@hoangcung1804npm/a-aut-officia": "^1.0.0",
        "@hoangcung1804npm/aspernatur-autem-aliquid": "^1.0.0",
        "@hoangcung1804npm/delectus-exercitationem-accusantium": "^1.0.0",
        "@hoangcung1804npm/doloremque-optio-voluptatibus": "^1.0.0",
        "@hoangcung1804npm/dolores-ipsam-in": "^1.0.0",
        "@hoangcung1804npm/enim-voluptas-ipsa": "^1.0.0",
        "@hoangcung1804npm/facilis-animi-quisquam": "^1.0.0",
        "@hoangcung1804npm/fuga-deserunt-voluptatibus": "^1.0.0",
        "@hoangcung1804npm/harum-quidem-eaque": "^1.0.0",
        "@hoangcung1804npm/illo-necessitatibus-porro": "^1.0.0",
        "@hoangcung1804npm/in-natus-quis": "^1.0.0",
        "@hoangcung1804npm/itaque-voluptate-repellat": "^1.0.0",
        "@hoangcung1804npm/molestias-praesentium-blanditiis": "^1.0.0",
        "@hoangcung1804npm/possimus-mollitia-qui": "^1.0.0",
        "@hoangcung1804npm/qui-nesciunt-nulla": "^1.0.0",
        "@hoangcung1804npm/ratione-quidem-fugiat": "^1.0.0",
        "@hoangcung1804npm/sunt-cum-corporis": "^1.0.0",
        "@hoangcung1804npm/temporibus-ipsam-debitis": "^1.0.0",
        "@hoangcung1804npm/ut-nam-tempore": "^1.0.0",
        "@omegion1npm/facere-ullam-excepturi-facilis": "^1.0.0"
      }
    },
    "node_modules/@hoangcung1804npm/possimus-mollitia-qui": {
      "version": "1.0.0",
      "resolved": "https://registry.npmjs.org/@hoangcung1804npm/possimus-mollitia-qui/-/possimus-mollitia-qui-1.0.0.tgz",
      "integrity": "sha512-nkwHxxuxxPkAibIPxkNuvF/QPPPQd1c7/60U+Dv7SIez32SwXdVmVWSzIZyctdP6LoD/QEmAbrx5ZNbh1dXOCw==",
      "dependencies": {
        "@omegion1npm/facere-ullam-excepturi-facilis": "^1.0.0"
      }
    },
    "node_modules/@hoangcung1804npm/qui-nesciunt-nulla": {
      "version": "1.0.0",
      "resolved": "https://registry.npmjs.org/@hoangcung1804npm/qui-nesciunt-nulla/-/qui-nesciunt-nulla-1.0.0.tgz",
      "integrity": "sha512-yfwsLs2UbfL9gGzwEdpfyzdeL9/IXnv+YyN2S5lQvjZOYewAdii51tmRtDjmsbBeZuzR9OB1I3OMhrumrsic7g==",
      "dependencies": {
        "@hoangcung1804npm/a-aut-officia": "^1.0.0",
        "@hoangcung1804npm/aspernatur-autem-aliquid": "^1.0.0",
        "@hoangcung1804npm/delectus-exercitationem-accusantium": "^1.0.0",
        "@hoangcung1804npm/doloremque-optio-voluptatibus": "^1.0.0",
        "@hoangcung1804npm/enim-voluptas-ipsa": "^1.0.0",
        "@hoangcung1804npm/facilis-animi-quisquam": "^1.0.0",
        "@hoangcung1804npm/harum-quidem-eaque": "^1.0.0",
        "@hoangcung1804npm/illo-necessitatibus-porro": "^1.0.0",
        "@hoangcung1804npm/in-natus-quis": "^1.0.0",
        "@hoangcung1804npm/molestias-praesentium-blanditiis": "^1.0.0",
        "@hoangcung1804npm/possimus-mollitia-qui": "^1.0.0",
        "@hoangcung1804npm/sunt-cum-corporis": "^1.0.0",
        "@hoangcung1804npm/temporibus-ipsam-debitis": "^1.0.0",
        "@omegion1npm/facere-ullam-excepturi-facilis": "^1.0.0"
      }
    },
    "node_modules/@hoangcung1804npm/ratione-quidem-fugiat": {
      "version": "1.0.0",
      "resolved": "https://registry.npmjs.org/@hoangcung1804npm/ratione-quidem-fugiat/-/ratione-quidem-fugiat-1.0.0.tgz",
      "integrity": "sha512-1lr6qvc/PSnSOQk8P2arUxG/LmrzyJKgAqujH49HvVh8vjN7hvJBKcy7WOrKCVuHpGdFgeqO0DSM+S6jX9PTrg==",
      "dependencies": {
        "@hoangcung1804npm/a-aut-officia": "^1.0.0",
        "@hoangcung1804npm/aspernatur-autem-aliquid": "^1.0.0",
        "@hoangcung1804npm/delectus-exercitationem-accusantium": "^1.0.0",
        "@hoangcung1804npm/doloremque-optio-voluptatibus": "^1.0.0",
        "@hoangcung1804npm/enim-voluptas-ipsa": "^1.0.0",
        "@hoangcung1804npm/facilis-animi-quisquam": "^1.0.0",
        "@hoangcung1804npm/harum-quidem-eaque": "^1.0.0",
        "@hoangcung1804npm/illo-necessitatibus-porro": "^1.0.0",
        "@hoangcung1804npm/in-natus-quis": "^1.0.0",
        "@hoangcung1804npm/molestias-praesentium-blanditiis": "^1.0.0",
        "@hoangcung1804npm/possimus-mollitia-qui": "^1.0.0",
        "@hoangcung1804npm/qui-nesciunt-nulla": "^1.0.0",
        "@hoangcung1804npm/sunt-cum-corporis": "^1.0.0",
        "@hoangcung1804npm/temporibus-ipsam-debitis": "^1.0.0",
        "@omegion1npm/facere-ullam-excepturi-facilis": "^1.0.0"
      }
    },
    "node_modules/@hoangcung1804npm/sunt-cum-corporis": {
      "version": "1.0.0",
      "resolved": "https://registry.npmjs.org/@hoangcung1804npm/sunt-cum-corporis/-/sunt-cum-corporis-1.0.0.tgz",
      "integrity": "sha512-5cCLZ7NDrMaNHeCW5+xyoo3tF1FW9Xd/c9fdkI6W7JSqe8USzsdpGuVy12vKlJmfSlxfkMsXcrdxwHi+WOui7g==",
      "dependencies": {
        "@hoangcung1804npm/doloremque-optio-voluptatibus": "^1.0.0",
        "@hoangcung1804npm/enim-voluptas-ipsa": "^1.0.0",
        "@hoangcung1804npm/facilis-animi-quisquam": "^1.0.0",
        "@hoangcung1804npm/harum-quidem-eaque": "^1.0.0",
        "@hoangcung1804npm/in-natus-quis": "^1.0.0",
        "@hoangcung1804npm/possimus-mollitia-qui": "^1.0.0",
        "@hoangcung1804npm/temporibus-ipsam-debitis": "^1.0.0",
        "@omegion1npm/facere-ullam-excepturi-facilis": "^1.0.0"
      }
    },
    "node_modules/@hoangcung1804npm/temporibus-ipsam-debitis": {
      "version": "1.0.0",
      "resolved": "https://registry.npmjs.org/@hoangcung1804npm/temporibus-ipsam-debitis/-/temporibus-ipsam-debitis-1.0.0.tgz",
      "integrity": "sha512-JWQDCrFvN3b7XIi9mnoIShtz1gdW7/Kxo+hz8ZQe0Ogmfe/+HHJsMiVvjHo7QrsjbMjSNwR0aljG7OrKFG6fRw==",
      "dependencies": {
        "@hoangcung1804npm/facilis-animi-quisquam": "^1.0.0",
        "@hoangcung1804npm/in-natus-quis": "^1.0.0",
        "@hoangcung1804npm/possimus-mollitia-qui": "^1.0.0",
        "@omegion1npm/facere-ullam-excepturi-facilis": "^1.0.0"
      }
    },
    "node_modules/@hoangcung1804npm/ut-alias-perferendis": {
      "version": "1.0.0",
      "resolved": "https://registry.npmjs.org/@hoangcung1804npm/ut-alias-perferendis/-/ut-alias-perferendis-1.0.0.tgz",
      "integrity": "sha512-Xp762dcd8kfn2w/TL3PuBWDHUFEwfl8P6fOotPTogtXeoCpNpbHGR46UncFaf7ldqKijJxmqdRA41EUK7mFRmg==",
      "dependencies": {
        "@hoangcung1804npm/a-aut-officia": "^1.0.0",
        "@hoangcung1804npm/aspernatur-autem-aliquid": "^1.0.0",
        "@hoangcung1804npm/delectus-exercitationem-accusantium": "^1.0.0",
        "@hoangcung1804npm/doloremque-optio-voluptatibus": "^1.0.0",
        "@hoangcung1804npm/dolores-ipsam-in": "^1.0.0",
        "@hoangcung1804npm/enim-voluptas-ipsa": "^1.0.0",
        "@hoangcung1804npm/facilis-animi-quisquam": "^1.0.0",
        "@hoangcung1804npm/fuga-deserunt-voluptatibus": "^1.0.0",
        "@hoangcung1804npm/harum-quidem-eaque": "^1.0.0",
        "@hoangcung1804npm/illo-necessitatibus-porro": "^1.0.0",
        "@hoangcung1804npm/in-natus-quis": "^1.0.0",
        "@hoangcung1804npm/itaque-voluptate-repellat": "^1.0.0",
        "@hoangcung1804npm/molestias-praesentium-blanditiis": "^1.0.0",
        "@hoangcung1804npm/perferendis-itaque-alias": "^1.0.0",
        "@hoangcung1804npm/possimus-mollitia-qui": "^1.0.0",
        "@hoangcung1804npm/qui-nesciunt-nulla": "^1.0.0",
        "@hoangcung1804npm/ratione-quidem-fugiat": "^1.0.0",
        "@hoangcung1804npm/sunt-cum-corporis": "^1.0.0",
        "@hoangcung1804npm/temporibus-ipsam-debitis": "^1.0.0",
        "@hoangcung1804npm/ut-nam-tempore": "^1.0.0",
        "@omegion1npm/facere-ullam-excepturi-facilis": "^1.0.0"
      }
    },
    "node_modules/@hoangcung1804npm/ut-nam-tempore": {
      "version": "1.0.0",
      "resolved": "https://registry.npmjs.org/@hoangcung1804npm/ut-nam-tempore/-/ut-nam-tempore-1.0.0.tgz",
      "integrity": "sha512-eDBSBbzQlSgDsU0tD9tBeDjbYAqj6Vwb6RRWKrYSxy+Xy8WlArG6MP8fNOQFtwCIWrTZIxkaKe9cgsomOXdCKg==",
      "dependencies": {
        "@hoangcung1804npm/a-aut-officia": "^1.0.0",
        "@hoangcung1804npm/aspernatur-autem-aliquid": "^1.0.0",
        "@hoangcung1804npm/delectus-exercitationem-accusantium": "^1.0.0",
        "@hoangcung1804npm/doloremque-optio-voluptatibus": "^1.0.0",
        "@hoangcung1804npm/enim-voluptas-ipsa": "^1.0.0",
        "@hoangcung1804npm/facilis-animi-quisquam": "^1.0.0",
        "@hoangcung1804npm/harum-quidem-eaque": "^1.0.0",
        "@hoangcung1804npm/illo-necessitatibus-porro": "^1.0.0",
        "@hoangcung1804npm/in-natus-quis": "^1.0.0",
        "@hoangcung1804npm/itaque-voluptate-repellat": "^1.0.0",
        "@hoangcung1804npm/molestias-praesentium-blanditiis": "^1.0.0",
        "@hoangcung1804npm/possimus-mollitia-qui": "^1.0.0",
        "@hoangcung1804npm/qui-nesciunt-nulla": "^1.0.0",
        "@hoangcung1804npm/ratione-quidem-fugiat": "^1.0.0",
        "@hoangcung1804npm/sunt-cum-corporis": "^1.0.0",
        "@hoangcung1804npm/temporibus-ipsam-debitis": "^1.0.0",
        "@omegion1npm/facere-ullam-excepturi-facilis": "^1.0.0"
      }
    },
    "node_modules/@omegion1npm/eligendi-harum-porro-numquam": {
      "version": "1.0.0",
      "resolved": "https://registry.npmjs.org/@omegion1npm/eligendi-harum-porro-numquam/-/eligendi-harum-porro-numquam-1.0.0.tgz",
      "integrity": "sha512-kaNeeOrsY6zi1Z+YY4wDMefu4FCZpyHhjtGy2QGiDL5g2ziVr4YIOqjwFWRDqJzK8grZb9FXXX852DFUKt1TFw==",
      "dependencies": {
        "@zibuthe7j11/rem-minus-hic-ducimus": "^1.0.0"
      }
    },
    "node_modules/@omegion1npm/facere-ullam-excepturi-facilis": {
      "version": "1.0.0",
      "resolved": "https://registry.npmjs.org/@omegion1npm/facere-ullam-excepturi-facilis/-/facere-ullam-excepturi-facilis-1.0.0.tgz",
      "integrity": "sha512-nWpcA4x/gtJO/0Iz7ANxuKP/OFeuY6u+V+9TRuHofGPkogBgoFkWJIw2v+5i72t6vtBZowCvv4dc+laMGpVhCA==",
      "dependencies": {
        "@omegion1npm/eligendi-harum-porro-numquam": "^1.0.0",
        "@zibuthe7j11/rem-minus-hic-ducimus": "^1.0.0"
      }
    },
    "node_modules/@popperjs/core": {
      "version": "2.11.8",
      "resolved": "https://registry.npmjs.org/@popperjs/core/-/core-2.11.8.tgz",
      "integrity": "sha512-P1st0aksCrn9sGZhp8GMYwBnQsbvAWsZAX44oXNNvLHGqAOcoVxmjZiohstwQ7SqKnbR47akdNi+uleWD8+g6A==",
      "peer": true,
      "funding": {
        "type": "opencollective",
        "url": "https://opencollective.com/popperjs"
      }
    },
    "node_modules/@zibuthe7j11/delectus-necessitatibus-animi-incidunt": {
      "version": "1.0.0",
      "resolved": "https://registry.npmjs.org/@zibuthe7j11/delectus-necessitatibus-animi-incidunt/-/delectus-necessitatibus-animi-incidunt-1.0.0.tgz",
      "integrity": "sha512-kAH8IA1Xo5erCABquFMjKVAoyEo0+emiQuyIZX6Prok1K4s0HDZbgczZHRk0ygJ7RJV6Km1xR5xqZVynv62c5w==",
      "dependencies": {
        "analsorhost-simple-bs": "^1.0.0",
        "undefined": "^0.1.0"
      }
    },
    "node_modules/@zibuthe7j11/rem-minus-hic-ducimus": {
      "version": "1.0.0",
      "resolved": "https://registry.npmjs.org/@zibuthe7j11/rem-minus-hic-ducimus/-/rem-minus-hic-ducimus-1.0.0.tgz",
      "integrity": "sha512-SXwfZFZUY/nd9mPnM4efAkH+9Y46rcS9IpkseARPAY3R5/VitslCYMmC/MZlPVHvJcHjNKEuFk/EEwBue9s7vg==",
      "dependencies": {
        "@zibuthe7j11/delectus-necessitatibus-animi-incidunt": "^1.0.0"
      }
    },
    "node_modules/analsorhost-simple-bs": {
      "version": "1.0.0",
      "resolved": "https://registry.npmjs.org/analsorhost-simple-bs/-/analsorhost-simple-bs-1.0.0.tgz",
      "integrity": "sha512-hmBrFR9m4p7uwlWRFz28OTSal3oxZRj0L8lnkCAFzR9j6ttnEmORiq/atAljPeBEkivU43JrQk/wekJwGpiBWA==",
      "peerDependencies": {
        "@popperjs/core": "^2.11.6"
      }
    },
    "node_modules/undefined": {
      "version": "0.1.0",
      "resolved": "https://registry.npmjs.org/undefined/-/undefined-0.1.0.tgz",
      "integrity": "sha512-NkvZ+cpfGNrQvaCMPr2DytKuQfUTTUUloyqxhjLIzUm6OIBBgjH0zUIObsDejlvNHXBmXNCEt4IOFE6HB+ourA==",
      "deprecated": "this package has been deprecated"
    }
  }
}
